// !$*UTF8*$!
{
	archiveVersion = 1;
	classes = {
	};
	objectVersion = 56;
	objects = {

/* Begin PBXBuildFile section */
		3B3A3F552AB09D7E00A6311C /* AppDelegate.swift in Sources */ = {isa = PBXBuildFile; fileRef = 3B3A3F542AB09D7E00A6311C /* AppDelegate.swift */; };
		3B3A3F572AB09D7E00A6311C /* SceneDelegate.swift in Sources */ = {isa = PBXBuildFile; fileRef = 3B3A3F562AB09D7E00A6311C /* SceneDelegate.swift */; };
		3B3A3F592AB09D7E00A6311C /* MainViewController.swift in Sources */ = {isa = PBXBuildFile; fileRef = 3B3A3F582AB09D7E00A6311C /* MainViewController.swift */; };
		3B3A3F5C2AB09D7E00A6311C /* Main.storyboard in Resources */ = {isa = PBXBuildFile; fileRef = 3B3A3F5A2AB09D7E00A6311C /* Main.storyboard */; };
		3B3A3F5E2AB09D7F00A6311C /* Assets.xcassets in Resources */ = {isa = PBXBuildFile; fileRef = 3B3A3F5D2AB09D7F00A6311C /* Assets.xcassets */; };
		3B3A3F612AB09D7F00A6311C /* LaunchScreen.storyboard in Resources */ = {isa = PBXBuildFile; fileRef = 3B3A3F5F2AB09D7F00A6311C /* LaunchScreen.storyboard */; };
		3B3A3F6E2AB0A29B00A6311C /* Cat.swift in Sources */ = {isa = PBXBuildFile; fileRef = 3B3A3F6D2AB0A29B00A6311C /* Cat.swift */; };
		3B3A3F722AB1852B00A6311C /* NetworkManager.swift in Sources */ = {isa = PBXBuildFile; fileRef = 3B3A3F712AB1852B00A6311C /* NetworkManager.swift */; };
		3B3A3F762AB194C400A6311C /* CatCell.swift in Sources */ = {isa = PBXBuildFile; fileRef = 3B3A3F752AB194C400A6311C /* CatCell.swift */; };
/* End PBXBuildFile section */

/* Begin PBXFileReference section */
		3B3A3F512AB09D7E00A6311C /* CatCollection.app */ = {isa = PBXFileReference; explicitFileType = wrapper.application; includeInIndex = 0; path = CatCollection.app; sourceTree = BUILT_PRODUCTS_DIR; };
		3B3A3F542AB09D7E00A6311C /* AppDelegate.swift */ = {isa = PBXFileReference; lastKnownFileType = sourcecode.swift; path = AppDelegate.swift; sourceTree = "<group>"; };
		3B3A3F562AB09D7E00A6311C /* SceneDelegate.swift */ = {isa = PBXFileReference; lastKnownFileType = sourcecode.swift; path = SceneDelegate.swift; sourceTree = "<group>"; };
		3B3A3F582AB09D7E00A6311C /* MainViewController.swift */ = {isa = PBXFileReference; lastKnownFileType = sourcecode.swift; path = MainViewController.swift; sourceTree = "<group>"; };
		3B3A3F5B2AB09D7E00A6311C /* Base */ = {isa = PBXFileReference; lastKnownFileType = file.storyboard; name = Base; path = Base.lproj/Main.storyboard; sourceTree = "<group>"; };
		3B3A3F5D2AB09D7F00A6311C /* Assets.xcassets */ = {isa = PBXFileReference; lastKnownFileType = folder.assetcatalog; path = Assets.xcassets; sourceTree = "<group>"; };
		3B3A3F602AB09D7F00A6311C /* Base */ = {isa = PBXFileReference; lastKnownFileType = file.storyboard; name = Base; path = Base.lproj/LaunchScreen.storyboard; sourceTree = "<group>"; };
		3B3A3F622AB09D7F00A6311C /* Info.plist */ = {isa = PBXFileReference; lastKnownFileType = text.plist.xml; path = Info.plist; sourceTree = "<group>"; };
		3B3A3F6D2AB0A29B00A6311C /* Cat.swift */ = {isa = PBXFileReference; lastKnownFileType = sourcecode.swift; path = Cat.swift; sourceTree = "<group>"; };
		3B3A3F712AB1852B00A6311C /* NetworkManager.swift */ = {isa = PBXFileReference; lastKnownFileType = sourcecode.swift; path = NetworkManager.swift; sourceTree = "<group>"; };
		3B3A3F752AB194C400A6311C /* CatCell.swift */ = {isa = PBXFileReference; lastKnownFileType = sourcecode.swift; path = CatCell.swift; sourceTree = "<group>"; };
/* End PBXFileReference section */

/* Begin PBXFrameworksBuildPhase section */
		3B3A3F4E2AB09D7E00A6311C /* Frameworks */ = {
			isa = PBXFrameworksBuildPhase;
			buildActionMask = 2147483647;
			files = (
			);
			runOnlyForDeploymentPostprocessing = 0;
		};
/* End PBXFrameworksBuildPhase section */

/* Begin PBXGroup section */
		3B3A3F482AB09D7E00A6311C = {
			isa = PBXGroup;
			children = (
				3B3A3F532AB09D7E00A6311C /* CatCollection */,
				3B3A3F522AB09D7E00A6311C /* Products */,
			);
			sourceTree = "<group>";
		};
		3B3A3F522AB09D7E00A6311C /* Products */ = {
			isa = PBXGroup;
			children = (
				3B3A3F512AB09D7E00A6311C /* CatCollection.app */,
			);
			name = Products;
			sourceTree = "<group>";
		};
		3B3A3F532AB09D7E00A6311C /* CatCollection */ = {
			isa = PBXGroup;
			children = (
				3B3A3F6A2AB09F6600A6311C /* App */,
				3B3A3F6B2AB09F8000A6311C /* ViewControllers */,
				3B3A3F6F2AB0A2A300A6311C /* Models */,
				3B3A3F772AB194C900A6311C /* View */,
				3B3A3F732AB1855000A6311C /* Services */,
				3B3A3F6C2AB09F9000A6311C /* Storyboards */,
				3B3A3F742AB1856E00A6311C /* Resources */,
			);
			path = CatCollection;
			sourceTree = "<group>";
		};
		3B3A3F6A2AB09F6600A6311C /* App */ = {
			isa = PBXGroup;
			children = (
				3B3A3F542AB09D7E00A6311C /* AppDelegate.swift */,
				3B3A3F562AB09D7E00A6311C /* SceneDelegate.swift */,
				3B3A3F622AB09D7F00A6311C /* Info.plist */,
			);
			path = App;
			sourceTree = "<group>";
		};
		3B3A3F6B2AB09F8000A6311C /* ViewControllers */ = {
			isa = PBXGroup;
			children = (
				3B3A3F582AB09D7E00A6311C /* MainViewController.swift */,
			);
			path = ViewControllers;
			sourceTree = "<group>";
		};
		3B3A3F6C2AB09F9000A6311C /* Storyboards */ = {
			isa = PBXGroup;
			children = (
				3B3A3F5A2AB09D7E00A6311C /* Main.storyboard */,
				3B3A3F5F2AB09D7F00A6311C /* LaunchScreen.storyboard */,
			);
			path = Storyboards;
			sourceTree = "<group>";
		};
		3B3A3F6F2AB0A2A300A6311C /* Models */ = {
			isa = PBXGroup;
			children = (
				3B3A3F6D2AB0A29B00A6311C /* Cat.swift */,
			);
			path = Models;
			sourceTree = "<group>";
		};
		3B3A3F732AB1855000A6311C /* Services */ = {
			isa = PBXGroup;
			children = (
				3B3A3F712AB1852B00A6311C /* NetworkManager.swift */,
			);
			path = Services;
			sourceTree = "<group>";
		};
		3B3A3F742AB1856E00A6311C /* Resources */ = {
			isa = PBXGroup;
			children = (
				3B3A3F5D2AB09D7F00A6311C /* Assets.xcassets */,
			);
			path = Resources;
			sourceTree = "<group>";
		};
		3B3A3F772AB194C900A6311C /* View */ = {
			isa = PBXGroup;
			children = (
				3B3A3F752AB194C400A6311C /* CatCell.swift */,
			);
			path = View;
			sourceTree = "<group>";
		};
/* End PBXGroup section */

/* Begin PBXNativeTarget section */
		3B3A3F502AB09D7E00A6311C /* CatCollection */ = {
			isa = PBXNativeTarget;
			buildConfigurationList = 3B3A3F652AB09D7F00A6311C /* Build configuration list for PBXNativeTarget "CatCollection" */;
			buildPhases = (
				3B3A3F4D2AB09D7E00A6311C /* Sources */,
				3B3A3F4E2AB09D7E00A6311C /* Frameworks */,
				3B3A3F4F2AB09D7E00A6311C /* Resources */,
			);
			buildRules = (
			);
			dependencies = (
			);
			name = CatCollection;
			productName = CatCollection;
			productReference = 3B3A3F512AB09D7E00A6311C /* CatCollection.app */;
			productType = "com.apple.product-type.application";
		};
/* End PBXNativeTarget section */

/* Begin PBXProject section */
		3B3A3F492AB09D7E00A6311C /* Project object */ = {
			isa = PBXProject;
			attributes = {
				BuildIndependentTargetsInParallel = 1;
				LastSwiftUpdateCheck = 1420;
				LastUpgradeCheck = 1420;
				TargetAttributes = {
					3B3A3F502AB09D7E00A6311C = {
						CreatedOnToolsVersion = 14.2;
					};
				};
			};
			buildConfigurationList = 3B3A3F4C2AB09D7E00A6311C /* Build configuration list for PBXProject "CatCollection" */;
			compatibilityVersion = "Xcode 14.0";
			developmentRegion = en;
			hasScannedForEncodings = 0;
			knownRegions = (
				en,
				Base,
			);
			mainGroup = 3B3A3F482AB09D7E00A6311C;
			productRefGroup = 3B3A3F522AB09D7E00A6311C /* Products */;
			projectDirPath = "";
			projectRoot = "";
			targets = (
				3B3A3F502AB09D7E00A6311C /* CatCollection */,
			);
		};
/* End PBXProject section */

/* Begin PBXResourcesBuildPhase section */
		3B3A3F4F2AB09D7E00A6311C /* Resources */ = {
			isa = PBXResourcesBuildPhase;
			buildActionMask = 2147483647;
			files = (
				3B3A3F612AB09D7F00A6311C /* LaunchScreen.storyboard in Resources */,
				3B3A3F5E2AB09D7F00A6311C /* Assets.xcassets in Resources */,
				3B3A3F5C2AB09D7E00A6311C /* Main.storyboard in Resources */,
			);
			runOnlyForDeploymentPostprocessing = 0;
		};
/* End PBXResourcesBuildPhase section */

/* Begin PBXSourcesBuildPhase section */
		3B3A3F4D2AB09D7E00A6311C /* Sources */ = {
			isa = PBXSourcesBuildPhase;
			buildActionMask = 2147483647;
			files = (
				3B3A3F762AB194C400A6311C /* CatCell.swift in Sources */,
				3B3A3F6E2AB0A29B00A6311C /* Cat.swift in Sources */,
				3B3A3F592AB09D7E00A6311C /* MainViewController.swift in Sources */,
				3B3A3F722AB1852B00A6311C /* NetworkManager.swift in Sources */,
				3B3A3F552AB09D7E00A6311C /* AppDelegate.swift in Sources */,
				3B3A3F572AB09D7E00A6311C /* SceneDelegate.swift in Sources */,
			);
			runOnlyForDeploymentPostprocessing = 0;
		};
/* End PBXSourcesBuildPhase section */

/* Begin PBXVariantGroup section */
		3B3A3F5A2AB09D7E00A6311C /* Main.storyboard */ = {
			isa = PBXVariantGroup;
			children = (
				3B3A3F5B2AB09D7E00A6311C /* Base */,
			);
			name = Main.storyboard;
			sourceTree = "<group>";
		};
		3B3A3F5F2AB09D7F00A6311C /* LaunchScreen.storyboard */ = {
			isa = PBXVariantGroup;
			children = (
				3B3A3F602AB09D7F00A6311C /* Base */,
			);
			name = LaunchScreen.storyboard;
			sourceTree = "<group>";
		};
/* End PBXVariantGroup section */

/* Begin XCBuildConfiguration section */
		3B3A3F632AB09D7F00A6311C /* Debug */ = {
			isa = XCBuildConfiguration;
			buildSettings = {
				ALWAYS_SEARCH_USER_PATHS = NO;
				CLANG_ANALYZER_NONNULL = YES;
				CLANG_ANALYZER_NUMBER_OBJECT_CONVERSION = YES_AGGRESSIVE;
				CLANG_CXX_LANGUAGE_STANDARD = "gnu++20";
				CLANG_ENABLE_MODULES = YES;
				CLANG_ENABLE_OBJC_ARC = YES;
				CLANG_ENABLE_OBJC_WEAK = YES;
				CLANG_WARN_BLOCK_CAPTURE_AUTORELEASING = YES;
				CLANG_WARN_BOOL_CONVERSION = YES;
				CLANG_WARN_COMMA = YES;
				CLANG_WARN_CONSTANT_CONVERSION = YES;
				CLANG_WARN_DEPRECATED_OBJC_IMPLEMENTATIONS = YES;
				CLANG_WARN_DIRECT_OBJC_ISA_USAGE = YES_ERROR;
				CLANG_WARN_DOCUMENTATION_COMMENTS = YES;
				CLANG_WARN_EMPTY_BODY = YES;
				CLANG_WARN_ENUM_CONVERSION = YES;
				CLANG_WARN_INFINITE_RECURSION = YES;
				CLANG_WARN_INT_CONVERSION = YES;
				CLANG_WARN_NON_LITERAL_NULL_CONVERSION = YES;
				CLANG_WARN_OBJC_IMPLICIT_RETAIN_SELF = YES;
				CLANG_WARN_OBJC_LITERAL_CONVERSION = YES;
				CLANG_WARN_OBJC_ROOT_CLASS = YES_ERROR;
				CLANG_WARN_QUOTED_INCLUDE_IN_FRAMEWORK_HEADER = YES;
				CLANG_WARN_RANGE_LOOP_ANALYSIS = YES;
				CLANG_WARN_STRICT_PROTOTYPES = YES;
				CLANG_WARN_SUSPICIOUS_MOVE = YES;
				CLANG_WARN_UNGUARDED_AVAILABILITY = YES_AGGRESSIVE;
				CLANG_WARN_UNREACHABLE_CODE = YES;
				CLANG_WARN__DUPLICATE_METHOD_MATCH = YES;
				COPY_PHASE_STRIP = NO;
				DEBUG_INFORMATION_FORMAT = dwarf;
				ENABLE_STRICT_OBJC_MSGSEND = YES;
				ENABLE_TESTABILITY = YES;
				GCC_C_LANGUAGE_STANDARD = gnu11;
				GCC_DYNAMIC_NO_PIC = NO;
				GCC_NO_COMMON_BLOCKS = YES;
				GCC_OPTIMIZATION_LEVEL = 0;
				GCC_PREPROCESSOR_DEFINITIONS = (
					"DEBUG=1",
					"$(inherited)",
				);
				GCC_WARN_64_TO_32_BIT_CONVERSION = YES;
				GCC_WARN_ABOUT_RETURN_TYPE = YES_ERROR;
				GCC_WARN_UNDECLARED_SELECTOR = YES;
				GCC_WARN_UNINITIALIZED_AUTOS = YES_AGGRESSIVE;
				GCC_WARN_UNUSED_FUNCTION = YES;
				GCC_WARN_UNUSED_VARIABLE = YES;
				IPHONEOS_DEPLOYMENT_TARGET = 16.2;
				MTL_ENABLE_DEBUG_INFO = INCLUDE_SOURCE;
				MTL_FAST_MATH = YES;
				ONLY_ACTIVE_ARCH = YES;
				SDKROOT = iphoneos;
				SWIFT_ACTIVE_COMPILATION_CONDITIONS = DEBUG;
				SWIFT_OPTIMIZATION_LEVEL = "-Onone";
			};
			name = Debug;
		};
		3B3A3F642AB09D7F00A6311C /* Release */ = {
			isa = XCBuildConfiguration;
			buildSettings = {
				ALWAYS_SEARCH_USER_PATHS = NO;
				CLANG_ANALYZER_NONNULL = YES;
				CLANG_ANALYZER_NUMBER_OBJECT_CONVERSION = YES_AGGRESSIVE;
				CLANG_CXX_LANGUAGE_STANDARD = "gnu++20";
				CLANG_ENABLE_MODULES = YES;
				CLANG_ENABLE_OBJC_ARC = YES;
				CLANG_ENABLE_OBJC_WEAK = YES;
				CLANG_WARN_BLOCK_CAPTURE_AUTORELEASING = YES;
				CLANG_WARN_BOOL_CONVERSION = YES;
				CLANG_WARN_COMMA = YES;
				CLANG_WARN_CONSTANT_CONVERSION = YES;
				CLANG_WARN_DEPRECATED_OBJC_IMPLEMENTATIONS = YES;
				CLANG_WARN_DIRECT_OBJC_ISA_USAGE = YES_ERROR;
				CLANG_WARN_DOCUMENTATION_COMMENTS = YES;
				CLANG_WARN_EMPTY_BODY = YES;
				CLANG_WARN_ENUM_CONVERSION = YES;
				CLANG_WARN_INFINITE_RECURSION = YES;
				CLANG_WARN_INT_CONVERSION = YES;
				CLANG_WARN_NON_LITERAL_NULL_CONVERSION = YES;
				CLANG_WARN_OBJC_IMPLICIT_RETAIN_SELF = YES;
				CLANG_WARN_OBJC_LITERAL_CONVERSION = YES;
				CLANG_WARN_OBJC_ROOT_CLASS = YES_ERROR;
				CLANG_WARN_QUOTED_INCLUDE_IN_FRAMEWORK_HEADER = YES;
				CLANG_WARN_RANGE_LOOP_ANALYSIS = YES;
				CLANG_WARN_STRICT_PROTOTYPES = YES;
				CLANG_WARN_SUSPICIOUS_MOVE = YES;
				CLANG_WARN_UNGUARDED_AVAILABILITY = YES_AGGRESSIVE;
				CLANG_WARN_UNREACHABLE_CODE = YES;
				CLANG_WARN__DUPLICATE_METHOD_MATCH = YES;
				COPY_PHASE_STRIP = NO;
				DEBUG_INFORMATION_FORMAT = "dwarf-with-dsym";
				ENABLE_NS_ASSERTIONS = NO;
				ENABLE_STRICT_OBJC_MSGSEND = YES;
				GCC_C_LANGUAGE_STANDARD = gnu11;
				GCC_NO_COMMON_BLOCKS = YES;
				GCC_WARN_64_TO_32_BIT_CONVERSION = YES;
				GCC_WARN_ABOUT_RETURN_TYPE = YES_ERROR;
				GCC_WARN_UNDECLARED_SELECTOR = YES;
				GCC_WARN_UNINITIALIZED_AUTOS = YES_AGGRESSIVE;
				GCC_WARN_UNUSED_FUNCTION = YES;
				GCC_WARN_UNUSED_VARIABLE = YES;
				IPHONEOS_DEPLOYMENT_TARGET = 16.2;
				MTL_ENABLE_DEBUG_INFO = NO;
				MTL_FAST_MATH = YES;
				SDKROOT = iphoneos;
				SWIFT_COMPILATION_MODE = wholemodule;
				SWIFT_OPTIMIZATION_LEVEL = "-O";
				VALIDATE_PRODUCT = YES;
			};
			name = Release;
		};
		3B3A3F662AB09D7F00A6311C /* Debug */ = {
			isa = XCBuildConfiguration;
			buildSettings = {
				ASSETCATALOG_COMPILER_APPICON_NAME = AppIcon;
				ASSETCATALOG_COMPILER_GLOBAL_ACCENT_COLOR_NAME = AccentColor;
				CODE_SIGN_STYLE = Automatic;
				CURRENT_PROJECT_VERSION = 1;
				DEVELOPMENT_TEAM = DTTV5UUNSF;
				GENERATE_INFOPLIST_FILE = YES;
				INFOPLIST_FILE = CatCollection/App/Info.plist;
				INFOPLIST_KEY_UIApplicationSupportsIndirectInputEvents = YES;
				INFOPLIST_KEY_UILaunchStoryboardName = LaunchScreen.storyboard;
				INFOPLIST_KEY_UIMainStoryboardFile = Main;
				INFOPLIST_KEY_UISupportedInterfaceOrientations = UIInterfaceOrientationPortrait;
				INFOPLIST_KEY_UISupportedInterfaceOrientations_iPad = "UIInterfaceOrientationLandscapeLeft UIInterfaceOrientationLandscapeRight UIInterfaceOrientationPortrait UIInterfaceOrientationPortraitUpsideDown";
				IPHONEOS_DEPLOYMENT_TARGET = 15.0;
				LD_RUNPATH_SEARCH_PATHS = (
					"$(inherited)",
					"@executable_path/Frameworks",
				);
				MARKETING_VERSION = 1.0;
				PRODUCT_BUNDLE_IDENTIFIER = ru.kima.CatCollection;
				PRODUCT_NAME = "$(TARGET_NAME)";
				SUPPORTED_PLATFORMS = "iphoneos iphonesimulator";
				SUPPORTS_MACCATALYST = NO;
				SUPPORTS_MAC_DESIGNED_FOR_IPHONE_IPAD = NO;
				SWIFT_EMIT_LOC_STRINGS = YES;
				SWIFT_VERSION = 5.0;
				TARGETED_DEVICE_FAMILY = 1;
			};
			name = Debug;
		};
		3B3A3F672AB09D7F00A6311C /* Release */ = {
			isa = XCBuildConfiguration;
			buildSettings = {
				ASSETCATALOG_COMPILER_APPICON_NAME = AppIcon;
				ASSETCATALOG_COMPILER_GLOBAL_ACCENT_COLOR_NAME = AccentColor;
				CODE_SIGN_STYLE = Automatic;
				CURRENT_PROJECT_VERSION = 1;
				DEVELOPMENT_TEAM = DTTV5UUNSF;
				GENERATE_INFOPLIST_FILE = YES;
				INFOPLIST_FILE = CatCollection/App/Info.plist;
				INFOPLIST_KEY_UIApplicationSupportsIndirectInputEvents = YES;
				INFOPLIST_KEY_UILaunchStoryboardName = LaunchScreen.storyboard;
				INFOPLIST_KEY_UIMainStoryboardFile = Main;
				INFOPLIST_KEY_UISupportedInterfaceOrientations = UIInterfaceOrientationPortrait;
				INFOPLIST_KEY_UISupportedInterfaceOrientations_iPad = "UIInterfaceOrientationLandscapeLeft UIInterfaceOrientationLandscapeRight UIInterfaceOrientationPortrait UIInterfaceOrientationPortraitUpsideDown";
				IPHONEOS_DEPLOYMENT_TARGET = 15.0;
				LD_RUNPATH_SEARCH_PATHS = (
					"$(inherited)",
					"@executable_path/Frameworks",
				);
				MARKETING_VERSION = 1.0;
				PRODUCT_BUNDLE_IDENTIFIER = ru.kima.CatCollection;
				PRODUCT_NAME = "$(TARGET_NAME)";
				SUPPORTED_PLATFORMS = "iphoneos iphonesimulator";
				SUPPORTS_MACCATALYST = NO;
				SUPPORTS_MAC_DESIGNED_FOR_IPHONE_IPAD = NO;
				SWIFT_EMIT_LOC_STRINGS = YES;
				SWIFT_VERSION = 5.0;
				TARGETED_DEVICE_FAMILY = 1;
			};
			name = Release;
		};
/* End XCBuildConfiguration section */

/* Begin XCConfigurationList section */
		3B3A3F4C2AB09D7E00A6311C /* Build configuration list for PBXProject "CatCollection" */ = {
			isa = XCConfigurationList;
			buildConfigurations = (
				3B3A3F632AB09D7F00A6311C /* Debug */,
				3B3A3F642AB09D7F00A6311C /* Release */,
			);
			defaultConfigurationIsVisible = 0;
			defaultConfigurationName = Release;
		};
		3B3A3F652AB09D7F00A6311C /* Build configuration list for PBXNativeTarget "CatCollection" */ = {
			isa = XCConfigurationList;
			buildConfigurations = (
				3B3A3F662AB09D7F00A6311C /* Debug */,
				3B3A3F672AB09D7F00A6311C /* Release */,
			);
			defaultConfigurationIsVisible = 0;
			defaultConfigurationName = Release;
		};
/* End XCConfigurationList section */
	};
	rootObject = 3B3A3F492AB09D7E00A6311C /* Project object */;
}
